
Microsoft Visual Studio Solution File, Format Version 12.00
# Visual Studio Version 17
VisualStudioVersion = 17.14.36623.8 d17.14
MinimumVisualStudioVersion = 10.0.40219.1
Project("{FAE04EC0-301F-11D3-BF4B-00C04F79EFBC}") = "Requests.Data", "Requests.Data\Requests.Data.csproj", "{310DA68D-4B6C-459B-9B32-B5C346F0E3FE}"
EndProject
Project("{FAE04EC0-301F-11D3-BF4B-00C04F79EFBC}") = "Requests.Repositories", "Requests.Repositories\Requests.Repositories.csproj", "{EF77B233-2A08-426A-A472-BCA1B86D24FF}"
EndProject
Project("{FAE04EC0-301F-11D3-BF4B-00C04F79EFBC}") = "Requests.Services", "Requests.Services\Requests.Services.csproj", "{8CEAC7D0-DA63-41DC-B1DE-C980CE620294}"
EndProject
Project("{FAE04EC0-301F-11D3-BF4B-00C04F79EFBC}") = "Requests.UI", "Requests.UI\Requests.UI.csproj", "{D51EB68F-7599-4B41-85E0-C8C0D1CE27D0}"
EndProject
Global
	GlobalSection(SolutionConfigurationPlatforms) = preSolution
		Debug|Any CPU = Debug|Any CPU
		Release|Any CPU = Release|Any CPU
	EndGlobalSection
	GlobalSection(ProjectConfigurationPlatforms) = postSolution
		{310DA68D-4B6C-459B-9B32-B5C346F0E3FE}.Debug|Any CPU.ActiveCfg = Debug|Any CPU
		{310DA68D-4B6C-459B-9B32-B5C346F0E3FE}.Debug|Any CPU.Build.0 = Debug|Any CPU
		{310DA68D-4B6C-459B-9B32-B5C346F0E3FE}.Release|Any CPU.ActiveCfg = Release|Any CPU
		{310DA68D-4B6C-459B-9B32-B5C346F0E3FE}.Release|Any CPU.Build.0 = Release|Any CPU
		{EF77B233-2A08-426A-A472-BCA1B86D24FF}.Debug|Any CPU.ActiveCfg = Debug|Any CPU
		{EF77B233-2A08-426A-A472-BCA1B86D24FF}.Debug|Any CPU.Build.0 = Debug|Any CPU
		{EF77B233-2A08-426A-A472-BCA1B86D24FF}.Release|Any CPU.ActiveCfg = Release|Any CPU
		{EF77B233-2A08-426A-A472-BCA1B86D24FF}.Release|Any CPU.Build.0 = Release|Any CPU
		{8CEAC7D0-DA63-41DC-B1DE-C980CE620294}.Debug|Any CPU.ActiveCfg = Debug|Any CPU
		{8CEAC7D0-DA63-41DC-B1DE-C980CE620294}.Debug|Any CPU.Build.0 = Debug|Any CPU
		{8CEAC7D0-DA63-41DC-B1DE-C980CE620294}.Release|Any CPU.ActiveCfg = Release|Any CPU
		{8CEAC7D0-DA63-41DC-B1DE-C980CE620294}.Release|Any CPU.Build.0 = Release|Any CPU
		{D51EB68F-7599-4B41-85E0-C8C0D1CE27D0}.Debug|Any CPU.ActiveCfg = Debug|Any CPU
		{D51EB68F-7599-4B41-85E0-C8C0D1CE27D0}.Debug|Any CPU.Build.0 = Debug|Any CPU
		{D51EB68F-7599-4B41-85E0-C8C0D1CE27D0}.Release|Any CPU.ActiveCfg = Release|Any CPU
		{D51EB68F-7599-4B41-85E0-C8C0D1CE27D0}.Release|Any CPU.Build.0 = Release|Any CPU
	EndGlobalSection
	GlobalSection(SolutionProperties) = preSolution
		HideSolutionNode = FALSE
	EndGlobalSection
	GlobalSection(ExtensibilityGlobals) = postSolution
		SolutionGuid = {14755800-E292-46E8-8097-83957DE38D49}
	EndGlobalSection
EndGlobal
